
Microsoft Visual Studio Solution File, Format Version 12.00
# Visual Studio 14
VisualStudioVersion = 14.0.25420.1
MinimumVisualStudioVersion = 10.0.40219.1
Project("{FAE04EC0-301F-11D3-BF4B-00C04F79EFBC}") = "Aramid.Html", "Aramid.Html\Aramid.Html.csproj", "{740826E2-7F9E-4ACB-BE0C-18E477985A89}"
EndProject
Project("{FAE04EC0-301F-11D3-BF4B-00C04F79EFBC}") = "Aramid.Html.Tests", "Aramid.Html.Tests\Aramid.Html.Tests.csproj", "{7A0AF925-6883-4BE5-9A3A-9A6E155077D2}"
EndProject
Global
	GlobalSection(SolutionConfigurationPlatforms) = preSolution
		Debug|Any CPU = Debug|Any CPU
		Release|Any CPU = Release|Any CPU
	EndGlobalSection
	GlobalSection(ProjectConfigurationPlatforms) = postSolution
		{740826E2-7F9E-4ACB-BE0C-18E477985A89}.Debug|Any CPU.ActiveCfg = Debug|Any CPU
		{740826E2-7F9E-4ACB-BE0C-18E477985A89}.Debug|Any CPU.Build.0 = Debug|Any CPU
		{740826E2-7F9E-4ACB-BE0C-18E477985A89}.Release|Any CPU.ActiveCfg = Release|Any CPU
		{740826E2-7F9E-4ACB-BE0C-18E477985A89}.Release|Any CPU.Build.0 = Release|Any CPU
		{7A0AF925-6883-4BE5-9A3A-9A6E155077D2}.Debug|Any CPU.ActiveCfg = Debug|Any CPU
		{7A0AF925-6883-4BE5-9A3A-9A6E155077D2}.Debug|Any CPU.Build.0 = Debug|Any CPU
		{7A0AF925-6883-4BE5-9A3A-9A6E155077D2}.Release|Any CPU.ActiveCfg = Release|Any CPU
		{7A0AF925-6883-4BE5-9A3A-9A6E155077D2}.Release|Any CPU.Build.0 = Release|Any CPU
	EndGlobalSection
	GlobalSection(SolutionProperties) = preSolution
		HideSolutionNode = FALSE
	EndGlobalSection
EndGlobal
